
Microsoft Visual Studio Solution File, Format Version 12.00
# Visual Studio 15
VisualStudioVersion = 15.0.28307.489
MinimumVisualStudioVersion = 10.0.40219.1
Project("{FAE04EC0-301F-11D3-BF4B-00C04F79EFBC}") = "Mecanica", "Mecanica\Mecanica.csproj", "{792EE7C2-DD8E-4C59-B627-4ADA3DB68EBD}"
EndProject
Global
	GlobalSection(SolutionConfigurationPlatforms) = preSolution
		Debug|Any CPU = Debug|Any CPU
		Release|Any CPU = Release|Any CPU
	EndGlobalSection
	GlobalSection(ProjectConfigurationPlatforms) = postSolution
		{792EE7C2-DD8E-4C59-B627-4ADA3DB68EBD}.Debug|Any CPU.ActiveCfg = Debug|Any CPU
		{792EE7C2-DD8E-4C59-B627-4ADA3DB68EBD}.Debug|Any CPU.Build.0 = Debug|Any CPU
		{792EE7C2-DD8E-4C59-B627-4ADA3DB68EBD}.Release|Any CPU.ActiveCfg = Release|Any CPU
		{792EE7C2-DD8E-4C59-B627-4ADA3DB68EBD}.Release|Any CPU.Build.0 = Release|Any CPU
	EndGlobalSection
	GlobalSection(SolutionProperties) = preSolution
		HideSolutionNode = FALSE
	EndGlobalSection
	GlobalSection(ExtensibilityGlobals) = postSolution
		SolutionGuid = {FF5AA54B-81E8-424D-B7E0-3ADFA6E74294}
	EndGlobalSection
EndGlobal
